// !$*UTF8*$!
{
	archiveVersion = 1;
	classes = {
	};
	objectVersion = 77;
	objects = {

/* Begin PBXBuildFile section */
		5B6F36292D79D780008A6D81 /* PhotoItemView.swift in Sources */ = {isa = PBXBuildFile; fileRef = 5B6F36282D79D77F008A6D81 /* PhotoItemView.swift */; };
		5B6F36322D7B11B2008A6D81 /* PhotoDetailsView.swift in Sources */ = {isa = PBXBuildFile; fileRef = 5B6F36312D7B11B2008A6D81 /* PhotoDetailsView.swift */; };
		5B6F36352D7DB45C008A6D81 /* UIView+EdgeInsets.swift in Sources */ = {isa = PBXBuildFile; fileRef = 5B6F36342D7DB45B008A6D81 /* UIView+EdgeInsets.swift */; };
		5B6F36442D7DC0F9008A6D81 /* AudioPlayerView.swift in Sources */ = {isa = PBXBuildFile; fileRef = 5B6F36432D7DC0F9008A6D81 /* AudioPlayerView.swift */; };
		5BEEA80D2D7880D000898D72 /* iAppsApp.swift in Sources */ = {isa = PBXBuildFile; fileRef = 5BEEA80A2D7880D000898D72 /* iAppsApp.swift */; };
		5BEEA80E2D7880D000898D72 /* Preview Assets.xcassets in Resources */ = {isa = PBXBuildFile; fileRef = 5BEEA8062D7880D000898D72 /* Preview Assets.xcassets */; };
		5BEEA80F2D7880D000898D72 /* Assets.xcassets in Resources */ = {isa = PBXBuildFile; fileRef = 5BEEA8082D7880D000898D72 /* Assets.xcassets */; };
		5BEEA8132D78819500898D72 /* CategoriesListView.swift in Sources */ = {isa = PBXBuildFile; fileRef = 5BEEA8122D78819500898D72 /* CategoriesListView.swift */; };
		5BEEA8152D7881A700898D72 /* CategoriesListViewModel.swift in Sources */ = {isa = PBXBuildFile; fileRef = 5BEEA8142D7881A700898D72 /* CategoriesListViewModel.swift */; };
		5BEEA81A2D7881F400898D72 /* CategoriesRowView.swift in Sources */ = {isa = PBXBuildFile; fileRef = 5BEEA8192D7881F400898D72 /* CategoriesRowView.swift */; };
		5BEEA81E2D7886CB00898D72 /* PhotoItem.swift in Sources */ = {isa = PBXBuildFile; fileRef = 5BEEA81D2D7886CB00898D72 /* PhotoItem.swift */; };
		5BEEA8202D78871E00898D72 /* CategoryResponse.swift in Sources */ = {isa = PBXBuildFile; fileRef = 5BEEA81F2D78871E00898D72 /* CategoryResponse.swift */; };
		5BEEA8232D78878500898D72 /* FlickrService.swift in Sources */ = {isa = PBXBuildFile; fileRef = 5BEEA8222D78878500898D72 /* FlickrService.swift */; };
/* End PBXBuildFile section */

/* Begin PBXContainerItemProxy section */
		5B9F14842D786C19003E0E9A /* PBXContainerItemProxy */ = {
			isa = PBXContainerItemProxy;
			containerPortal = 5B9F146B2D786C15003E0E9A /* Project object */;
			proxyType = 1;
			remoteGlobalIDString = 5B9F14722D786C15003E0E9A;
			remoteInfo = iApps;
		};
		5B9F148E2D786C19003E0E9A /* PBXContainerItemProxy */ = {
			isa = PBXContainerItemProxy;
			containerPortal = 5B9F146B2D786C15003E0E9A /* Project object */;
			proxyType = 1;
			remoteGlobalIDString = 5B9F14722D786C15003E0E9A;
			remoteInfo = iApps;
		};
/* End PBXContainerItemProxy section */

/* Begin PBXFileReference section */
		5B6F36282D79D77F008A6D81 /* PhotoItemView.swift */ = {isa = PBXFileReference; lastKnownFileType = sourcecode.swift; path = PhotoItemView.swift; sourceTree = "<group>"; };
		5B6F36312D7B11B2008A6D81 /* PhotoDetailsView.swift */ = {isa = PBXFileReference; lastKnownFileType = sourcecode.swift; path = PhotoDetailsView.swift; sourceTree = "<group>"; };
		5B6F36342D7DB45B008A6D81 /* UIView+EdgeInsets.swift */ = {isa = PBXFileReference; lastKnownFileType = sourcecode.swift; path = "UIView+EdgeInsets.swift"; sourceTree = "<group>"; };
		5B6F36432D7DC0F9008A6D81 /* AudioPlayerView.swift */ = {isa = PBXFileReference; lastKnownFileType = sourcecode.swift; path = AudioPlayerView.swift; sourceTree = "<group>"; };
		5B9F14732D786C15003E0E9A /* iApps.app */ = {isa = PBXFileReference; explicitFileType = wrapper.application; includeInIndex = 0; path = iApps.app; sourceTree = BUILT_PRODUCTS_DIR; };
		5B9F14832D786C19003E0E9A /* iAppsTests.xctest */ = {isa = PBXFileReference; explicitFileType = wrapper.cfbundle; includeInIndex = 0; path = iAppsTests.xctest; sourceTree = BUILT_PRODUCTS_DIR; };
		5B9F148D2D786C19003E0E9A /* iAppsUITests.xctest */ = {isa = PBXFileReference; explicitFileType = wrapper.cfbundle; includeInIndex = 0; path = iAppsUITests.xctest; sourceTree = BUILT_PRODUCTS_DIR; };
		5BEEA8062D7880D000898D72 /* Preview Assets.xcassets */ = {isa = PBXFileReference; lastKnownFileType = folder.assetcatalog; path = "Preview Assets.xcassets"; sourceTree = "<group>"; };
		5BEEA8082D7880D000898D72 /* Assets.xcassets */ = {isa = PBXFileReference; lastKnownFileType = folder.assetcatalog; path = Assets.xcassets; sourceTree = "<group>"; };
		5BEEA80A2D7880D000898D72 /* iAppsApp.swift */ = {isa = PBXFileReference; lastKnownFileType = sourcecode.swift; path = iAppsApp.swift; sourceTree = "<group>"; };
		5BEEA8122D78819500898D72 /* CategoriesListView.swift */ = {isa = PBXFileReference; lastKnownFileType = sourcecode.swift; path = CategoriesListView.swift; sourceTree = "<group>"; };
		5BEEA8142D7881A700898D72 /* CategoriesListViewModel.swift */ = {isa = PBXFileReference; lastKnownFileType = sourcecode.swift; path = CategoriesListViewModel.swift; sourceTree = "<group>"; };
		5BEEA8192D7881F400898D72 /* CategoriesRowView.swift */ = {isa = PBXFileReference; lastKnownFileType = sourcecode.swift; path = CategoriesRowView.swift; sourceTree = "<group>"; };
		5BEEA81D2D7886CB00898D72 /* PhotoItem.swift */ = {isa = PBXFileReference; lastKnownFileType = sourcecode.swift; path = PhotoItem.swift; sourceTree = "<group>"; };
		5BEEA81F2D78871E00898D72 /* CategoryResponse.swift */ = {isa = PBXFileReference; lastKnownFileType = sourcecode.swift; path = CategoryResponse.swift; sourceTree = "<group>"; };
		5BEEA8222D78878500898D72 /* FlickrService.swift */ = {isa = PBXFileReference; lastKnownFileType = sourcecode.swift; path = FlickrService.swift; sourceTree = "<group>"; };
/* End PBXFileReference section */

/* Begin PBXFileSystemSynchronizedRootGroup section */
		5B9F14862D786C19003E0E9A /* iAppsTests */ = {
			isa = PBXFileSystemSynchronizedRootGroup;
			path = iAppsTests;
			sourceTree = "<group>";
		};
		5B9F14902D786C19003E0E9A /* iAppsUITests */ = {
			isa = PBXFileSystemSynchronizedRootGroup;
			path = iAppsUITests;
			sourceTree = "<group>";
		};
/* End PBXFileSystemSynchronizedRootGroup section */

/* Begin PBXFrameworksBuildPhase section */
		5B9F14702D786C15003E0E9A /* Frameworks */ = {
			isa = PBXFrameworksBuildPhase;
			buildActionMask = 2147483647;
			files = (
			);
			runOnlyForDeploymentPostprocessing = 0;
		};
		5B9F14802D786C19003E0E9A /* Frameworks */ = {
			isa = PBXFrameworksBuildPhase;
			buildActionMask = 2147483647;
			files = (
			);
			runOnlyForDeploymentPostprocessing = 0;
		};
		5B9F148A2D786C19003E0E9A /* Frameworks */ = {
			isa = PBXFrameworksBuildPhase;
			buildActionMask = 2147483647;
			files = (
			);
			runOnlyForDeploymentPostprocessing = 0;
		};
/* End PBXFrameworksBuildPhase section */

/* Begin PBXGroup section */
		5B6F36272D79D762008A6D81 /* PhotoItemView */ = {
			isa = PBXGroup;
			children = (
				5B6F36282D79D77F008A6D81 /* PhotoItemView.swift */,
			);
			path = PhotoItemView;
			sourceTree = "<group>";
		};
		5B6F36302D7B119A008A6D81 /* PhotoDetails */ = {
			isa = PBXGroup;
			children = (
				5B6F36312D7B11B2008A6D81 /* PhotoDetailsView.swift */,
			);
			path = PhotoDetails;
			sourceTree = "<group>";
		};
		5B6F36332D7DB41E008A6D81 /* Extensions */ = {
			isa = PBXGroup;
			children = (
				5B6F36342D7DB45B008A6D81 /* UIView+EdgeInsets.swift */,
			);
			path = Extensions;
			sourceTree = "<group>";
		};
		5B6F36422D7DC0DC008A6D81 /* AudioPlayer */ = {
			isa = PBXGroup;
			children = (
				5B6F36432D7DC0F9008A6D81 /* AudioPlayerView.swift */,
			);
			path = AudioPlayer;
			sourceTree = "<group>";
		};
		5B9F146A2D786C15003E0E9A = {
			isa = PBXGroup;
			children = (
				5BEEA80B2D7880D000898D72 /* iApps */,
				5B9F14862D786C19003E0E9A /* iAppsTests */,
				5B9F14902D786C19003E0E9A /* iAppsUITests */,
				5B9F14742D786C15003E0E9A /* Products */,
			);
			sourceTree = "<group>";
		};
		5B9F14742D786C15003E0E9A /* Products */ = {
			isa = PBXGroup;
			children = (
				5B9F14732D786C15003E0E9A /* iApps.app */,
				5B9F14832D786C19003E0E9A /* iAppsTests.xctest */,
				5B9F148D2D786C19003E0E9A /* iAppsUITests.xctest */,
			);
			name = Products;
			sourceTree = "<group>";
		};
		5BEEA8072D7880D000898D72 /* Preview Content */ = {
			isa = PBXGroup;
			children = (
				5BEEA8062D7880D000898D72 /* Preview Assets.xcassets */,
			);
			path = "Preview Content";
			sourceTree = "<group>";
		};
		5BEEA80B2D7880D000898D72 /* iApps */ = {
			isa = PBXGroup;
			children = (
				5BEEA81B2D78867B00898D72 /* Core */,
				5BEEA8102D7880D900898D72 /* Presentation */,
				5BEEA8072D7880D000898D72 /* Preview Content */,
				5BEEA8082D7880D000898D72 /* Assets.xcassets */,
				5BEEA80A2D7880D000898D72 /* iAppsApp.swift */,
			);
			path = iApps;
			sourceTree = "<group>";
		};
		5BEEA8102D7880D900898D72 /* Presentation */ = {
			isa = PBXGroup;
			children = (
				5B6F36422D7DC0DC008A6D81 /* AudioPlayer */,
				5B6F36302D7B119A008A6D81 /* PhotoDetails */,
				5BEEA8112D78815000898D72 /* CategoriesList */,
			);
			path = Presentation;
			sourceTree = "<group>";
		};
		5BEEA8112D78815000898D72 /* CategoriesList */ = {
			isa = PBXGroup;
			children = (
				5BEEA8122D78819500898D72 /* CategoriesListView.swift */,
				5BEEA8142D7881A700898D72 /* CategoriesListViewModel.swift */,
				5BEEA8162D7881CF00898D72 /* CategoriesRow */,
			);
			path = CategoriesList;
			sourceTree = "<group>";
		};
		5BEEA8162D7881CF00898D72 /* CategoriesRow */ = {
			isa = PBXGroup;
			children = (
				5BEEA8192D7881F400898D72 /* CategoriesRowView.swift */,
				5B6F36272D79D762008A6D81 /* PhotoItemView */,
			);
			path = CategoriesRow;
			sourceTree = "<group>";
		};
		5BEEA81B2D78867B00898D72 /* Core */ = {
			isa = PBXGroup;
			children = (
				5B6F36332D7DB41E008A6D81 /* Extensions */,
				5BEEA81C2D78868200898D72 /* Models */,
				5BEEA8212D78876600898D72 /* Services */,
			);
			path = Core;
			sourceTree = "<group>";
		};
		5BEEA81C2D78868200898D72 /* Models */ = {
			isa = PBXGroup;
			children = (
				5BEEA81F2D78871E00898D72 /* CategoryResponse.swift */,
				5BEEA81D2D7886CB00898D72 /* PhotoItem.swift */,
			);
			path = Models;
			sourceTree = "<group>";
		};
		5BEEA8212D78876600898D72 /* Services */ = {
			isa = PBXGroup;
			children = (
				5BEEA8222D78878500898D72 /* FlickrService.swift */,
			);
			path = Services;
			sourceTree = "<group>";
		};
/* End PBXGroup section */

/* Begin PBXNativeTarget section */
		5B9F14722D786C15003E0E9A /* iApps */ = {
			isa = PBXNativeTarget;
			buildConfigurationList = 5B9F14972D786C19003E0E9A /* Build configuration list for PBXNativeTarget "iApps" */;
			buildPhases = (
				5B9F146F2D786C15003E0E9A /* Sources */,
				5B9F14702D786C15003E0E9A /* Frameworks */,
				5B9F14712D786C15003E0E9A /* Resources */,
			);
			buildRules = (
			);
			dependencies = (
			);
			name = iApps;
			packageProductDependencies = (
			);
			productName = iApps;
			productReference = 5B9F14732D786C15003E0E9A /* iApps.app */;
			productType = "com.apple.product-type.application";
		};
		5B9F14822D786C19003E0E9A /* iAppsTests */ = {
			isa = PBXNativeTarget;
			buildConfigurationList = 5B9F149A2D786C19003E0E9A /* Build configuration list for PBXNativeTarget "iAppsTests" */;
			buildPhases = (
				5B9F147F2D786C19003E0E9A /* Sources */,
				5B9F14802D786C19003E0E9A /* Frameworks */,
				5B9F14812D786C19003E0E9A /* Resources */,
			);
			buildRules = (
			);
			dependencies = (
				5B9F14852D786C19003E0E9A /* PBXTargetDependency */,
			);
			fileSystemSynchronizedGroups = (
				5B9F14862D786C19003E0E9A /* iAppsTests */,
			);
			name = iAppsTests;
			packageProductDependencies = (
			);
			productName = iAppsTests;
			productReference = 5B9F14832D786C19003E0E9A /* iAppsTests.xctest */;
			productType = "com.apple.product-type.bundle.unit-test";
		};
		5B9F148C2D786C19003E0E9A /* iAppsUITests */ = {
			isa = PBXNativeTarget;
			buildConfigurationList = 5B9F149D2D786C19003E0E9A /* Build configuration list for PBXNativeTarget "iAppsUITests" */;
			buildPhases = (
				5B9F14892D786C19003E0E9A /* Sources */,
				5B9F148A2D786C19003E0E9A /* Frameworks */,
				5B9F148B2D786C19003E0E9A /* Resources */,
			);
			buildRules = (
			);
			dependencies = (
				5B9F148F2D786C19003E0E9A /* PBXTargetDependency */,
			);
			fileSystemSynchronizedGroups = (
				5B9F14902D786C19003E0E9A /* iAppsUITests */,
			);
			name = iAppsUITests;
			packageProductDependencies = (
			);
			productName = iAppsUITests;
			productReference = 5B9F148D2D786C19003E0E9A /* iAppsUITests.xctest */;
			productType = "com.apple.product-type.bundle.ui-testing";
		};
/* End PBXNativeTarget section */

/* Begin PBXProject section */
		5B9F146B2D786C15003E0E9A /* Project object */ = {
			isa = PBXProject;
			attributes = {
				BuildIndependentTargetsInParallel = 1;
				LastSwiftUpdateCheck = 1620;
				LastUpgradeCheck = 1620;
				TargetAttributes = {
					5B9F14722D786C15003E0E9A = {
						CreatedOnToolsVersion = 16.2;
					};
					5B9F14822D786C19003E0E9A = {
						CreatedOnToolsVersion = 16.2;
						TestTargetID = 5B9F14722D786C15003E0E9A;
					};
					5B9F148C2D786C19003E0E9A = {
						CreatedOnToolsVersion = 16.2;
						TestTargetID = 5B9F14722D786C15003E0E9A;
					};
				};
			};
			buildConfigurationList = 5B9F146E2D786C15003E0E9A /* Build configuration list for PBXProject "iApps" */;
			developmentRegion = en;
			hasScannedForEncodings = 0;
			knownRegions = (
				en,
				Base,
			);
			mainGroup = 5B9F146A2D786C15003E0E9A;
			minimizedProjectReferenceProxies = 1;
			packageReferences = (
			);
			preferredProjectObjectVersion = 77;
			productRefGroup = 5B9F14742D786C15003E0E9A /* Products */;
			projectDirPath = "";
			projectRoot = "";
			targets = (
				5B9F14722D786C15003E0E9A /* iApps */,
				5B9F14822D786C19003E0E9A /* iAppsTests */,
				5B9F148C2D786C19003E0E9A /* iAppsUITests */,
			);
		};
/* End PBXProject section */

/* Begin PBXResourcesBuildPhase section */
		5B9F14712D786C15003E0E9A /* Resources */ = {
			isa = PBXResourcesBuildPhase;
			buildActionMask = 2147483647;
			files = (
				5BEEA80E2D7880D000898D72 /* Preview Assets.xcassets in Resources */,
				5BEEA80F2D7880D000898D72 /* Assets.xcassets in Resources */,
			);
			runOnlyForDeploymentPostprocessing = 0;
		};
		5B9F14812D786C19003E0E9A /* Resources */ = {
			isa = PBXResourcesBuildPhase;
			buildActionMask = 2147483647;
			files = (
			);
			runOnlyForDeploymentPostprocessing = 0;
		};
		5B9F148B2D786C19003E0E9A /* Resources */ = {
			isa = PBXResourcesBuildPhase;
			buildActionMask = 2147483647;
			files = (
			);
			runOnlyForDeploymentPostprocessing = 0;
		};
/* End PBXResourcesBuildPhase section */

/* Begin PBXSourcesBuildPhase section */
		5B9F146F2D786C15003E0E9A /* Sources */ = {
			isa = PBXSourcesBuildPhase;
			buildActionMask = 2147483647;
			files = (
				5BEEA81E2D7886CB00898D72 /* PhotoItem.swift in Sources */,
				5BEEA8202D78871E00898D72 /* CategoryResponse.swift in Sources */,
				5BEEA8232D78878500898D72 /* FlickrService.swift in Sources */,
				5B6F36292D79D780008A6D81 /* PhotoItemView.swift in Sources */,
				5B6F36322D7B11B2008A6D81 /* PhotoDetailsView.swift in Sources */,
				5BEEA80D2D7880D000898D72 /* iAppsApp.swift in Sources */,
				5BEEA8152D7881A700898D72 /* CategoriesListViewModel.swift in Sources */,
				5B6F36352D7DB45C008A6D81 /* UIView+EdgeInsets.swift in Sources */,
				5BEEA8132D78819500898D72 /* CategoriesListView.swift in Sources */,
				5BEEA81A2D7881F400898D72 /* CategoriesRowView.swift in Sources */,
				5B6F36442D7DC0F9008A6D81 /* AudioPlayerView.swift in Sources */,
			);
			runOnlyForDeploymentPostprocessing = 0;
		};
		5B9F147F2D786C19003E0E9A /* Sources */ = {
			isa = PBXSourcesBuildPhase;
			buildActionMask = 2147483647;
			files = (
			);
			runOnlyForDeploymentPostprocessing = 0;
		};
		5B9F14892D786C19003E0E9A /* Sources */ = {
			isa = PBXSourcesBuildPhase;
			buildActionMask = 2147483647;
			files = (
			);
			runOnlyForDeploymentPostprocessing = 0;
		};
/* End PBXSourcesBuildPhase section */

/* Begin PBXTargetDependency section */
		5B9F14852D786C19003E0E9A /* PBXTargetDependency */ = {
			isa = PBXTargetDependency;
			target = 5B9F14722D786C15003E0E9A /* iApps */;
			targetProxy = 5B9F14842D786C19003E0E9A /* PBXContainerItemProxy */;
		};
		5B9F148F2D786C19003E0E9A /* PBXTargetDependency */ = {
			isa = PBXTargetDependency;
			target = 5B9F14722D786C15003E0E9A /* iApps */;
			targetProxy = 5B9F148E2D786C19003E0E9A /* PBXContainerItemProxy */;
		};
/* End PBXTargetDependency section */

/* Begin XCBuildConfiguration section */
		5B9F14952D786C19003E0E9A /* Debug */ = {
			isa = XCBuildConfiguration;
			buildSettings = {
				ALWAYS_SEARCH_USER_PATHS = NO;
				ASSETCATALOG_COMPILER_GENERATE_SWIFT_ASSET_SYMBOL_EXTENSIONS = YES;
				CLANG_ANALYZER_NONNULL = YES;
				CLANG_ANALYZER_NUMBER_OBJECT_CONVERSION = YES_AGGRESSIVE;
				CLANG_CXX_LANGUAGE_STANDARD = "gnu++20";
				CLANG_ENABLE_MODULES = YES;
				CLANG_ENABLE_OBJC_ARC = YES;
				CLANG_ENABLE_OBJC_WEAK = YES;
				CLANG_WARN_BLOCK_CAPTURE_AUTORELEASING = YES;
				CLANG_WARN_BOOL_CONVERSION = YES;
				CLANG_WARN_COMMA = YES;
				CLANG_WARN_CONSTANT_CONVERSION = YES;
				CLANG_WARN_DEPRECATED_OBJC_IMPLEMENTATIONS = YES;
				CLANG_WARN_DIRECT_OBJC_ISA_USAGE = YES_ERROR;
				CLANG_WARN_DOCUMENTATION_COMMENTS = YES;
				CLANG_WARN_EMPTY_BODY = YES;
				CLANG_WARN_ENUM_CONVERSION = YES;
				CLANG_WARN_INFINITE_RECURSION = YES;
				CLANG_WARN_INT_CONVERSION = YES;
				CLANG_WARN_NON_LITERAL_NULL_CONVERSION = YES;
				CLANG_WARN_OBJC_IMPLICIT_RETAIN_SELF = YES;
				CLANG_WARN_OBJC_LITERAL_CONVERSION = YES;
				CLANG_WARN_OBJC_ROOT_CLASS = YES_ERROR;
				CLANG_WARN_QUOTED_INCLUDE_IN_FRAMEWORK_HEADER = YES;
				CLANG_WARN_RANGE_LOOP_ANALYSIS = YES;
				CLANG_WARN_STRICT_PROTOTYPES = YES;
				CLANG_WARN_SUSPICIOUS_MOVE = YES;
				CLANG_WARN_UNGUARDED_AVAILABILITY = YES_AGGRESSIVE;
				CLANG_WARN_UNREACHABLE_CODE = YES;
				CLANG_WARN__DUPLICATE_METHOD_MATCH = YES;
				COPY_PHASE_STRIP = NO;
				DEBUG_INFORMATION_FORMAT = dwarf;
				ENABLE_STRICT_OBJC_MSGSEND = YES;
				ENABLE_TESTABILITY = YES;
				ENABLE_USER_SCRIPT_SANDBOXING = YES;
				GCC_C_LANGUAGE_STANDARD = gnu17;
				GCC_DYNAMIC_NO_PIC = NO;
				GCC_NO_COMMON_BLOCKS = YES;
				GCC_OPTIMIZATION_LEVEL = 0;
				GCC_PREPROCESSOR_DEFINITIONS = (
					"DEBUG=1",
					"$(inherited)",
				);
				GCC_WARN_64_TO_32_BIT_CONVERSION = YES;
				GCC_WARN_ABOUT_RETURN_TYPE = YES_ERROR;
				GCC_WARN_UNDECLARED_SELECTOR = YES;
				GCC_WARN_UNINITIALIZED_AUTOS = YES_AGGRESSIVE;
				GCC_WARN_UNUSED_FUNCTION = YES;
				GCC_WARN_UNUSED_VARIABLE = YES;
				IPHONEOS_DEPLOYMENT_TARGET = 18.2;
				LOCALIZATION_PREFERS_STRING_CATALOGS = YES;
				MTL_ENABLE_DEBUG_INFO = INCLUDE_SOURCE;
				MTL_FAST_MATH = YES;
				ONLY_ACTIVE_ARCH = YES;
				SDKROOT = iphoneos;
				SWIFT_ACTIVE_COMPILATION_CONDITIONS = "DEBUG $(inherited)";
				SWIFT_OPTIMIZATION_LEVEL = "-Onone";
			};
			name = Debug;
		};
		5B9F14962D786C19003E0E9A /* Release */ = {
			isa = XCBuildConfiguration;
			buildSettings = {
				ALWAYS_SEARCH_USER_PATHS = NO;
				ASSETCATALOG_COMPILER_GENERATE_SWIFT_ASSET_SYMBOL_EXTENSIONS = YES;
				CLANG_ANALYZER_NONNULL = YES;
				CLANG_ANALYZER_NUMBER_OBJECT_CONVERSION = YES_AGGRESSIVE;
				CLANG_CXX_LANGUAGE_STANDARD = "gnu++20";
				CLANG_ENABLE_MODULES = YES;
				CLANG_ENABLE_OBJC_ARC = YES;
				CLANG_ENABLE_OBJC_WEAK = YES;
				CLANG_WARN_BLOCK_CAPTURE_AUTORELEASING = YES;
				CLANG_WARN_BOOL_CONVERSION = YES;
				CLANG_WARN_COMMA = YES;
				CLANG_WARN_CONSTANT_CONVERSION = YES;
				CLANG_WARN_DEPRECATED_OBJC_IMPLEMENTATIONS = YES;
				CLANG_WARN_DIRECT_OBJC_ISA_USAGE = YES_ERROR;
				CLANG_WARN_DOCUMENTATION_COMMENTS = YES;
				CLANG_WARN_EMPTY_BODY = YES;
				CLANG_WARN_ENUM_CONVERSION = YES;
				CLANG_WARN_INFINITE_RECURSION = YES;
				CLANG_WARN_INT_CONVERSION = YES;
				CLANG_WARN_NON_LITERAL_NULL_CONVERSION = YES;
				CLANG_WARN_OBJC_IMPLICIT_RETAIN_SELF = YES;
				CLANG_WARN_OBJC_LITERAL_CONVERSION = YES;
				CLANG_WARN_OBJC_ROOT_CLASS = YES_ERROR;
				CLANG_WARN_QUOTED_INCLUDE_IN_FRAMEWORK_HEADER = YES;
				CLANG_WARN_RANGE_LOOP_ANALYSIS = YES;
				CLANG_WARN_STRICT_PROTOTYPES = YES;
				CLANG_WARN_SUSPICIOUS_MOVE = YES;
				CLANG_WARN_UNGUARDED_AVAILABILITY = YES_AGGRESSIVE;
				CLANG_WARN_UNREACHABLE_CODE = YES;
				CLANG_WARN__DUPLICATE_METHOD_MATCH = YES;
				COPY_PHASE_STRIP = NO;
				DEBUG_INFORMATION_FORMAT = "dwarf-with-dsym";
				ENABLE_NS_ASSERTIONS = NO;
				ENABLE_STRICT_OBJC_MSGSEND = YES;
				ENABLE_USER_SCRIPT_SANDBOXING = YES;
				GCC_C_LANGUAGE_STANDARD = gnu17;
				GCC_NO_COMMON_BLOCKS = YES;
				GCC_WARN_64_TO_32_BIT_CONVERSION = YES;
				GCC_WARN_ABOUT_RETURN_TYPE = YES_ERROR;
				GCC_WARN_UNDECLARED_SELECTOR = YES;
				GCC_WARN_UNINITIALIZED_AUTOS = YES_AGGRESSIVE;
				GCC_WARN_UNUSED_FUNCTION = YES;
				GCC_WARN_UNUSED_VARIABLE = YES;
				IPHONEOS_DEPLOYMENT_TARGET = 18.2;
				LOCALIZATION_PREFERS_STRING_CATALOGS = YES;
				MTL_ENABLE_DEBUG_INFO = NO;
				MTL_FAST_MATH = YES;
				SDKROOT = iphoneos;
				SWIFT_COMPILATION_MODE = wholemodule;
				VALIDATE_PRODUCT = YES;
			};
			name = Release;
		};
		5B9F14982D786C19003E0E9A /* Debug */ = {
			isa = XCBuildConfiguration;
			buildSettings = {
				ASSETCATALOG_COMPILER_APPICON_NAME = AppIcon;
				ASSETCATALOG_COMPILER_GLOBAL_ACCENT_COLOR_NAME = AccentColor;
				CODE_SIGN_STYLE = Automatic;
				CURRENT_PROJECT_VERSION = 1;
				DEVELOPMENT_ASSET_PATHS = "\"iApps/Preview Content\"";
				DEVELOPMENT_TEAM = 6UB5RF8KX8;
				ENABLE_PREVIEWS = YES;
				GENERATE_INFOPLIST_FILE = YES;
				INFOPLIST_KEY_UIApplicationSceneManifest_Generation = YES;
				INFOPLIST_KEY_UIApplicationSupportsIndirectInputEvents = YES;
				INFOPLIST_KEY_UILaunchScreen_Generation = YES;
				INFOPLIST_KEY_UISupportedInterfaceOrientations_iPad = "UIInterfaceOrientationPortrait UIInterfaceOrientationPortraitUpsideDown UIInterfaceOrientationLandscapeLeft UIInterfaceOrientationLandscapeRight";
				INFOPLIST_KEY_UISupportedInterfaceOrientations_iPhone = "UIInterfaceOrientationPortrait UIInterfaceOrientationLandscapeLeft UIInterfaceOrientationLandscapeRight";
				LD_RUNPATH_SEARCH_PATHS = (
					"$(inherited)",
					"@executable_path/Frameworks",
				);
				MARKETING_VERSION = 1.0;
				PRODUCT_BUNDLE_IDENTIFIER = com.SamepleApp.iApps;
				PRODUCT_NAME = "$(TARGET_NAME)";
				SWIFT_EMIT_LOC_STRINGS = YES;
				SWIFT_VERSION = 5.0;
				TARGETED_DEVICE_FAMILY = "1,2";
			};
			name = Debug;
		};
		5B9F14992D786C19003E0E9A /* Release */ = {
			isa = XCBuildConfiguration;
			buildSettings = {
				ASSETCATALOG_COMPILER_APPICON_NAME = AppIcon;
				ASSETCATALOG_COMPILER_GLOBAL_ACCENT_COLOR_NAME = AccentColor;
				CODE_SIGN_STYLE = Automatic;
				CURRENT_PROJECT_VERSION = 1;
				DEVELOPMENT_ASSET_PATHS = "\"iApps/Preview Content\"";
				DEVELOPMENT_TEAM = 6UB5RF8KX8;
				ENABLE_PREVIEWS = YES;
				GENERATE_INFOPLIST_FILE = YES;
				INFOPLIST_KEY_UIApplicationSceneManifest_Generation = YES;
				INFOPLIST_KEY_UIApplicationSupportsIndirectInputEvents = YES;
				INFOPLIST_KEY_UILaunchScreen_Generation = YES;
				INFOPLIST_KEY_UISupportedInterfaceOrientations_iPad = "UIInterfaceOrientationPortrait UIInterfaceOrientationPortraitUpsideDown UIInterfaceOrientationLandscapeLeft UIInterfaceOrientationLandscapeRight";
				INFOPLIST_KEY_UISupportedInterfaceOrientations_iPhone = "UIInterfaceOrientationPortrait UIInterfaceOrientationLandscapeLeft UIInterfaceOrientationLandscapeRight";
				LD_RUNPATH_SEARCH_PATHS = (
					"$(inherited)",
					"@executable_path/Frameworks",
				);
				MARKETING_VERSION = 1.0;
				PRODUCT_BUNDLE_IDENTIFIER = com.SamepleApp.iApps;
				PRODUCT_NAME = "$(TARGET_NAME)";
				SWIFT_EMIT_LOC_STRINGS = YES;
				SWIFT_VERSION = 5.0;
				TARGETED_DEVICE_FAMILY = "1,2";
			};
			name = Release;
		};
		5B9F149B2D786C19003E0E9A /* Debug */ = {
			isa = XCBuildConfiguration;
			buildSettings = {
				BUNDLE_LOADER = "$(TEST_HOST)";
				CODE_SIGN_STYLE = Automatic;
				CURRENT_PROJECT_VERSION = 1;
				GENERATE_INFOPLIST_FILE = YES;
				IPHONEOS_DEPLOYMENT_TARGET = 18.2;
				MARKETING_VERSION = 1.0;
				PRODUCT_BUNDLE_IDENTIFIER = com.SamepleApp.iAppsTests;
				PRODUCT_NAME = "$(TARGET_NAME)";
				SWIFT_EMIT_LOC_STRINGS = NO;
				SWIFT_VERSION = 5.0;
				TARGETED_DEVICE_FAMILY = "1,2";
				TEST_HOST = "$(BUILT_PRODUCTS_DIR)/iApps.app/$(BUNDLE_EXECUTABLE_FOLDER_PATH)/iApps";
			};
			name = Debug;
		};
		5B9F149C2D786C19003E0E9A /* Release */ = {
			isa = XCBuildConfiguration;
			buildSettings = {
				BUNDLE_LOADER = "$(TEST_HOST)";
				CODE_SIGN_STYLE = Automatic;
				CURRENT_PROJECT_VERSION = 1;
				GENERATE_INFOPLIST_FILE = YES;
				IPHONEOS_DEPLOYMENT_TARGET = 18.2;
				MARKETING_VERSION = 1.0;
				PRODUCT_BUNDLE_IDENTIFIER = com.SamepleApp.iAppsTests;
				PRODUCT_NAME = "$(TARGET_NAME)";
				SWIFT_EMIT_LOC_STRINGS = NO;
				SWIFT_VERSION = 5.0;
				TARGETED_DEVICE_FAMILY = "1,2";
				TEST_HOST = "$(BUILT_PRODUCTS_DIR)/iApps.app/$(BUNDLE_EXECUTABLE_FOLDER_PATH)/iApps";
			};
			name = Release;
		};
		5B9F149E2D786C19003E0E9A /* Debug */ = {
			isa = XCBuildConfiguration;
			buildSettings = {
				CODE_SIGN_STYLE = Automatic;
				CURRENT_PROJECT_VERSION = 1;
				GENERATE_INFOPLIST_FILE = YES;
				MARKETING_VERSION = 1.0;
				PRODUCT_BUNDLE_IDENTIFIER = com.SamepleApp.iAppsUITests;
				PRODUCT_NAME = "$(TARGET_NAME)";
				SWIFT_EMIT_LOC_STRINGS = NO;
				SWIFT_VERSION = 5.0;
				TARGETED_DEVICE_FAMILY = "1,2";
				TEST_TARGET_NAME = iApps;
			};
			name = Debug;
		};
		5B9F149F2D786C19003E0E9A /* Release */ = {
			isa = XCBuildConfiguration;
			buildSettings = {
				CODE_SIGN_STYLE = Automatic;
				CURRENT_PROJECT_VERSION = 1;
				GENERATE_INFOPLIST_FILE = YES;
				MARKETING_VERSION = 1.0;
				PRODUCT_BUNDLE_IDENTIFIER = com.SamepleApp.iAppsUITests;
				PRODUCT_NAME = "$(TARGET_NAME)";
				SWIFT_EMIT_LOC_STRINGS = NO;
				SWIFT_VERSION = 5.0;
				TARGETED_DEVICE_FAMILY = "1,2";
				TEST_TARGET_NAME = iApps;
			};
			name = Release;
		};
/* End XCBuildConfiguration section */

/* Begin XCConfigurationList section */
		5B9F146E2D786C15003E0E9A /* Build configuration list for PBXProject "iApps" */ = {
			isa = XCConfigurationList;
			buildConfigurations = (
				5B9F14952D786C19003E0E9A /* Debug */,
				5B9F14962D786C19003E0E9A /* Release */,
			);
			defaultConfigurationIsVisible = 0;
			defaultConfigurationName = Release;
		};
		5B9F14972D786C19003E0E9A /* Build configuration list for PBXNativeTarget "iApps" */ = {
			isa = XCConfigurationList;
			buildConfigurations = (
				5B9F14982D786C19003E0E9A /* Debug */,
				5B9F14992D786C19003E0E9A /* Release */,
			);
			defaultConfigurationIsVisible = 0;
			defaultConfigurationName = Release;
		};
		5B9F149A2D786C19003E0E9A /* Build configuration list for PBXNativeTarget "iAppsTests" */ = {
			isa = XCConfigurationList;
			buildConfigurations = (
				5B9F149B2D786C19003E0E9A /* Debug */,
				5B9F149C2D786C19003E0E9A /* Release */,
			);
			defaultConfigurationIsVisible = 0;
			defaultConfigurationName = Release;
		};
		5B9F149D2D786C19003E0E9A /* Build configuration list for PBXNativeTarget "iAppsUITests" */ = {
			isa = XCConfigurationList;
			buildConfigurations = (
				5B9F149E2D786C19003E0E9A /* Debug */,
				5B9F149F2D786C19003E0E9A /* Release */,
			);
			defaultConfigurationIsVisible = 0;
			defaultConfigurationName = Release;
		};
/* End XCConfigurationList section */
	};
	rootObject = 5B9F146B2D786C15003E0E9A /* Project object */;
}
